// !$*UTF8*$!
{
	archiveVersion = 1;
	classes = {
	};
	objectVersion = 46;
	objects = {

/* Begin PBXBuildFile section */
		22F47A72FF89B952C77F56A9 /* Pods_SingleSugar.framework in Frameworks */ = {isa = PBXBuildFile; fileRef = 146CA31084C1CB613DDD6BA5 /* Pods_SingleSugar.framework */; };
		3C011C6C1EA48D1D00313164 /* YFMonoTitleView.swift in Sources */ = {isa = PBXBuildFile; fileRef = 3C011C6B1EA48D1D00313164 /* YFMonoTitleView.swift */; };
		3C011C6E1EA4A2A400313164 /* YFMonoTitleItem.swift in Sources */ = {isa = PBXBuildFile; fileRef = 3C011C6D1EA4A2A400313164 /* YFMonoTitleItem.swift */; };
		3C011C711EA4AEBD00313164 /* YFMonoTableViewCell.swift in Sources */ = {isa = PBXBuildFile; fileRef = 3C011C6F1EA4AEBD00313164 /* YFMonoTableViewCell.swift */; };
		3C011C721EA4AEBD00313164 /* YFMonoTableViewCell.xib in Resources */ = {isa = PBXBuildFile; fileRef = 3C011C701EA4AEBD00313164 /* YFMonoTableViewCell.xib */; };
		3C011C741EA5A1DE00313164 /* YFCategoryViewController.swift in Sources */ = {isa = PBXBuildFile; fileRef = 3C011C731EA5A1DE00313164 /* YFCategoryViewController.swift */; };
		3C298F271EA741B4008D4A07 /* YFSearchViewController.swift in Sources */ = {isa = PBXBuildFile; fileRef = 3C298F261EA741B4008D4A07 /* YFSearchViewController.swift */; };
		3C298F2D1EA888D4008D4A07 /* YFMonoDetailViewController.swift in Sources */ = {isa = PBXBuildFile; fileRef = 3C298F2C1EA888D4008D4A07 /* YFMonoDetailViewController.swift */; };
		3C552A251EB1BE6D00737C19 /* YFClassifyItem.swift in Sources */ = {isa = PBXBuildFile; fileRef = 3C552A241EB1BE6D00737C19 /* YFClassifyItem.swift */; };
		3C5642621EAD8FDB0072D1AC /* YFToolButton.swift in Sources */ = {isa = PBXBuildFile; fileRef = 3C5642611EAD8FDB0072D1AC /* YFToolButton.swift */; };
		3C5642651EAD9E7E0072D1AC /* YFSingleProductCell.swift in Sources */ = {isa = PBXBuildFile; fileRef = 3C5642631EAD9E7E0072D1AC /* YFSingleProductCell.swift */; };
		3C5642661EAD9E7E0072D1AC /* YFSingleProductCell.xib in Resources */ = {isa = PBXBuildFile; fileRef = 3C5642641EAD9E7E0072D1AC /* YFSingleProductCell.xib */; };
		3C5642681EADA1650072D1AC /* YFSinglePItem.swift in Sources */ = {isa = PBXBuildFile; fileRef = 3C5642671EADA1650072D1AC /* YFSinglePItem.swift */; };
		3C56426A1EAEE2C40072D1AC /* YFSinglePDetailViewController.swift in Sources */ = {isa = PBXBuildFile; fileRef = 3C5642691EAEE2C40072D1AC /* YFSinglePDetailViewController.swift */; };
		3C56426C1EAEF19E0072D1AC /* YFSingleProductDetailItem.swift in Sources */ = {isa = PBXBuildFile; fileRef = 3C56426B1EAEF19E0072D1AC /* YFSingleProductDetailItem.swift */; };
		3C56426E1EAF12BB0072D1AC /* YFImageScroll.swift in Sources */ = {isa = PBXBuildFile; fileRef = 3C56426D1EAF12BB0072D1AC /* YFImageScroll.swift */; };
		3C5642711EAF390B0072D1AC /* YFSPHeaderView.swift in Sources */ = {isa = PBXBuildFile; fileRef = 3C5642701EAF390B0072D1AC /* YFSPHeaderView.swift */; };
		3C5642741EAF3A7D0072D1AC /* YFSPCell.swift in Sources */ = {isa = PBXBuildFile; fileRef = 3C5642721EAF3A7D0072D1AC /* YFSPCell.swift */; };
		3C5642751EAF3A7D0072D1AC /* YFSPCell.xib in Resources */ = {isa = PBXBuildFile; fileRef = 3C5642731EAF3A7D0072D1AC /* YFSPCell.xib */; };
		3C61591C1EB0715C00930C75 /* YFCommentCell.swift in Sources */ = {isa = PBXBuildFile; fileRef = 3C61591A1EB0715C00930C75 /* YFCommentCell.swift */; };
		3C61591D1EB0715C00930C75 /* YFCommentCell.xib in Resources */ = {isa = PBXBuildFile; fileRef = 3C61591B1EB0715C00930C75 /* YFCommentCell.xib */; };
		3C61591F1EB074F500930C75 /* YFCommentItem.swift in Sources */ = {isa = PBXBuildFile; fileRef = 3C61591E1EB074F500930C75 /* YFCommentItem.swift */; };
		3C6159221EB07EB300930C75 /* YFDetailCommentCell.swift in Sources */ = {isa = PBXBuildFile; fileRef = 3C6159201EB07EB300930C75 /* YFDetailCommentCell.swift */; };
		3C6159231EB07EB300930C75 /* YFDetailCommentCell.xib in Resources */ = {isa = PBXBuildFile; fileRef = 3C6159211EB07EB300930C75 /* YFDetailCommentCell.xib */; };
		3CF78BA91EA07F3F002FF613 /* AppDelegate.swift in Sources */ = {isa = PBXBuildFile; fileRef = 3CF78BA81EA07F3F002FF613 /* AppDelegate.swift */; };
		3CF78BAB1EA07F3F002FF613 /* ViewController.swift in Sources */ = {isa = PBXBuildFile; fileRef = 3CF78BAA1EA07F3F002FF613 /* ViewController.swift */; };
		3CF78BAE1EA07F3F002FF613 /* Main.storyboard in Resources */ = {isa = PBXBuildFile; fileRef = 3CF78BAC1EA07F3F002FF613 /* Main.storyboard */; };
		3CF78BB01EA07F3F002FF613 /* Assets.xcassets in Resources */ = {isa = PBXBuildFile; fileRef = 3CF78BAF1EA07F3F002FF613 /* Assets.xcassets */; };
		3CF78BB31EA07F3F002FF613 /* LaunchScreen.storyboard in Resources */ = {isa = PBXBuildFile; fileRef = 3CF78BB11EA07F3F002FF613 /* LaunchScreen.storyboard */; };
		3CF78BBE1EA07F3F002FF613 /* SingleSugarTests.swift in Sources */ = {isa = PBXBuildFile; fileRef = 3CF78BBD1EA07F3F002FF613 /* SingleSugarTests.swift */; };
		3CF78BC91EA07F3F002FF613 /* SingleSugarUITests.swift in Sources */ = {isa = PBXBuildFile; fileRef = 3CF78BC81EA07F3F002FF613 /* SingleSugarUITests.swift */; };
		3CF78BEF1EA09D3D002FF613 /* Images.xcassets in Resources */ = {isa = PBXBuildFile; fileRef = 3CF78BEE1EA09D3D002FF613 /* Images.xcassets */; };
		3CF78BF31EA0A0B7002FF613 /* YFConst.swift in Sources */ = {isa = PBXBuildFile; fileRef = 3CF78BF21EA0A0B7002FF613 /* YFConst.swift */; };
		3CF78BF51EA0A0DD002FF613 /* YFNavigationController.swift in Sources */ = {isa = PBXBuildFile; fileRef = 3CF78BF41EA0A0DD002FF613 /* YFNavigationController.swift */; };
		3CF78BF71EA0A0EC002FF613 /* YFTabBarController.swift in Sources */ = {isa = PBXBuildFile; fileRef = 3CF78BF61EA0A0EC002FF613 /* YFTabBarController.swift */; };
		3CF78BF91EA0A7D4002FF613 /* YFMonosacchrideViewController.swift in Sources */ = {isa = PBXBuildFile; fileRef = 3CF78BF81EA0A7D4002FF613 /* YFMonosacchrideViewController.swift */; };
		3CF78BFB1EA0A7E5002FF613 /* YFSingleProductViewController.swift in Sources */ = {isa = PBXBuildFile; fileRef = 3CF78BFA1EA0A7E5002FF613 /* YFSingleProductViewController.swift */; };
		3CF78BFD1EA0A7F9002FF613 /* YFClassificationViewController.swift in Sources */ = {isa = PBXBuildFile; fileRef = 3CF78BFC1EA0A7F9002FF613 /* YFClassificationViewController.swift */; };
		3CF78BFF1EA0A804002FF613 /* YFProfileViewController.swift in Sources */ = {isa = PBXBuildFile; fileRef = 3CF78BFE1EA0A804002FF613 /* YFProfileViewController.swift */; };
		3CF78C011EA0B950002FF613 /* YFHTTPRequestTool.swift in Sources */ = {isa = PBXBuildFile; fileRef = 3CF78C001EA0B950002FF613 /* YFHTTPRequestTool.swift */; };
		3CF78C091EA45E79002FF613 /* YFMonosacchrideItem.swift in Sources */ = {isa = PBXBuildFile; fileRef = 3CF78C081EA45E79002FF613 /* YFMonosacchrideItem.swift */; };
		3CF78C0C1EA48C65002FF613 /* Size.swift in Sources */ = {isa = PBXBuildFile; fileRef = 3CF78C0B1EA48C65002FF613 /* Size.swift */; };
		6A721D93ABDCC81776EC21E5 /* Pods_SingleSugarTests.framework in Frameworks */ = {isa = PBXBuildFile; fileRef = 03774DBA1838DD9015F46172 /* Pods_SingleSugarTests.framework */; };
		A22AFFFD75C0D7E095EDD89E /* Pods_SingleSugarUITests.framework in Frameworks */ = {isa = PBXBuildFile; fileRef = 517E4B9B1AAC27CEA4EC7E47 /* Pods_SingleSugarUITests.framework */; };
/* End PBXBuildFile section */

/* Begin PBXContainerItemProxy section */
		3CF78BBA1EA07F3F002FF613 /* PBXContainerItemProxy */ = {
			isa = PBXContainerItemProxy;
			containerPortal = 3CF78B9D1EA07F3F002FF613 /* Project object */;
			proxyType = 1;
			remoteGlobalIDString = 3CF78BA41EA07F3F002FF613;
			remoteInfo = SingleSugar;
		};
		3CF78BC51EA07F3F002FF613 /* PBXContainerItemProxy */ = {
			isa = PBXContainerItemProxy;
			containerPortal = 3CF78B9D1EA07F3F002FF613 /* Project object */;
			proxyType = 1;
			remoteGlobalIDString = 3CF78BA41EA07F3F002FF613;
			remoteInfo = SingleSugar;
		};
/* End PBXContainerItemProxy section */

/* Begin PBXFileReference section */
		03774DBA1838DD9015F46172 /* Pods_SingleSugarTests.framework */ = {isa = PBXFileReference; explicitFileType = wrapper.framework; includeInIndex = 0; path = Pods_SingleSugarTests.framework; sourceTree = BUILT_PRODUCTS_DIR; };
		146CA31084C1CB613DDD6BA5 /* Pods_SingleSugar.framework */ = {isa = PBXFileReference; explicitFileType = wrapper.framework; includeInIndex = 0; path = Pods_SingleSugar.framework; sourceTree = BUILT_PRODUCTS_DIR; };
		2013178718D74C9B7F5E30AA /* Pods-SingleSugarTests.release.xcconfig */ = {isa = PBXFileReference; includeInIndex = 1; lastKnownFileType = text.xcconfig; name = "Pods-SingleSugarTests.release.xcconfig"; path = "Pods/Target Support Files/Pods-SingleSugarTests/Pods-SingleSugarTests.release.xcconfig"; sourceTree = "<group>"; };
		3934E7FB7767CA0156646BD6 /* Pods-SingleSugar.release.xcconfig */ = {isa = PBXFileReference; includeInIndex = 1; lastKnownFileType = text.xcconfig; name = "Pods-SingleSugar.release.xcconfig"; path = "Pods/Target Support Files/Pods-SingleSugar/Pods-SingleSugar.release.xcconfig"; sourceTree = "<group>"; };
		3C011C6B1EA48D1D00313164 /* YFMonoTitleView.swift */ = {isa = PBXFileReference; fileEncoding = 4; lastKnownFileType = sourcecode.swift; path = YFMonoTitleView.swift; sourceTree = "<group>"; };
		3C011C6D1EA4A2A400313164 /* YFMonoTitleItem.swift */ = {isa = PBXFileReference; fileEncoding = 4; lastKnownFileType = sourcecode.swift; path = YFMonoTitleItem.swift; sourceTree = "<group>"; };
		3C011C6F1EA4AEBD00313164 /* YFMonoTableViewCell.swift */ = {isa = PBXFileReference; fileEncoding = 4; lastKnownFileType = sourcecode.swift; path = YFMonoTableViewCell.swift; sourceTree = "<group>"; };
		3C011C701EA4AEBD00313164 /* YFMonoTableViewCell.xib */ = {isa = PBXFileReference; fileEncoding = 4; lastKnownFileType = file.xib; path = YFMonoTableViewCell.xib; sourceTree = "<group>"; };
		3C011C731EA5A1DE00313164 /* YFCategoryViewController.swift */ = {isa = PBXFileReference; fileEncoding = 4; lastKnownFileType = sourcecode.swift; path = YFCategoryViewController.swift; sourceTree = "<group>"; };
		3C298F261EA741B4008D4A07 /* YFSearchViewController.swift */ = {isa = PBXFileReference; fileEncoding = 4; lastKnownFileType = sourcecode.swift; path = YFSearchViewController.swift; sourceTree = "<group>"; };
		3C298F2C1EA888D4008D4A07 /* YFMonoDetailViewController.swift */ = {isa = PBXFileReference; fileEncoding = 4; lastKnownFileType = sourcecode.swift; path = YFMonoDetailViewController.swift; sourceTree = "<group>"; };
		3C552A241EB1BE6D00737C19 /* YFClassifyItem.swift */ = {isa = PBXFileReference; fileEncoding = 4; lastKnownFileType = sourcecode.swift; path = YFClassifyItem.swift; sourceTree = "<group>"; };
		3C5642611EAD8FDB0072D1AC /* YFToolButton.swift */ = {isa = PBXFileReference; fileEncoding = 4; lastKnownFileType = sourcecode.swift; path = YFToolButton.swift; sourceTree = "<group>"; };
		3C5642631EAD9E7E0072D1AC /* YFSingleProductCell.swift */ = {isa = PBXFileReference; fileEncoding = 4; lastKnownFileType = sourcecode.swift; path = YFSingleProductCell.swift; sourceTree = "<group>"; };
		3C5642641EAD9E7E0072D1AC /* YFSingleProductCell.xib */ = {isa = PBXFileReference; fileEncoding = 4; lastKnownFileType = file.xib; path = YFSingleProductCell.xib; sourceTree = "<group>"; };
		3C5642671EADA1650072D1AC /* YFSinglePItem.swift */ = {isa = PBXFileReference; fileEncoding = 4; lastKnownFileType = sourcecode.swift; path = YFSinglePItem.swift; sourceTree = "<group>"; };
		3C5642691EAEE2C40072D1AC /* YFSinglePDetailViewController.swift */ = {isa = PBXFileReference; fileEncoding = 4; lastKnownFileType = sourcecode.swift; path = YFSinglePDetailViewController.swift; sourceTree = "<group>"; };
		3C56426B1EAEF19E0072D1AC /* YFSingleProductDetailItem.swift */ = {isa = PBXFileReference; fileEncoding = 4; lastKnownFileType = sourcecode.swift; path = YFSingleProductDetailItem.swift; sourceTree = "<group>"; };
		3C56426D1EAF12BB0072D1AC /* YFImageScroll.swift */ = {isa = PBXFileReference; fileEncoding = 4; lastKnownFileType = sourcecode.swift; path = YFImageScroll.swift; sourceTree = "<group>"; };
		3C5642701EAF390B0072D1AC /* YFSPHeaderView.swift */ = {isa = PBXFileReference; fileEncoding = 4; lastKnownFileType = sourcecode.swift; path = YFSPHeaderView.swift; sourceTree = "<group>"; };
		3C5642721EAF3A7D0072D1AC /* YFSPCell.swift */ = {isa = PBXFileReference; fileEncoding = 4; lastKnownFileType = sourcecode.swift; path = YFSPCell.swift; sourceTree = "<group>"; };
		3C5642731EAF3A7D0072D1AC /* YFSPCell.xib */ = {isa = PBXFileReference; fileEncoding = 4; lastKnownFileType = file.xib; path = YFSPCell.xib; sourceTree = "<group>"; };
		3C61591A1EB0715C00930C75 /* YFCommentCell.swift */ = {isa = PBXFileReference; fileEncoding = 4; lastKnownFileType = sourcecode.swift; path = YFCommentCell.swift; sourceTree = "<group>"; };
		3C61591B1EB0715C00930C75 /* YFCommentCell.xib */ = {isa = PBXFileReference; fileEncoding = 4; lastKnownFileType = file.xib; path = YFCommentCell.xib; sourceTree = "<group>"; };
		3C61591E1EB074F500930C75 /* YFCommentItem.swift */ = {isa = PBXFileReference; fileEncoding = 4; lastKnownFileType = sourcecode.swift; path = YFCommentItem.swift; sourceTree = "<group>"; };
		3C6159201EB07EB300930C75 /* YFDetailCommentCell.swift */ = {isa = PBXFileReference; fileEncoding = 4; lastKnownFileType = sourcecode.swift; path = YFDetailCommentCell.swift; sourceTree = "<group>"; };
		3C6159211EB07EB300930C75 /* YFDetailCommentCell.xib */ = {isa = PBXFileReference; fileEncoding = 4; lastKnownFileType = file.xib; path = YFDetailCommentCell.xib; sourceTree = "<group>"; };
		3CF78BA51EA07F3F002FF613 /* SingleSugar.app */ = {isa = PBXFileReference; explicitFileType = wrapper.application; includeInIndex = 0; path = SingleSugar.app; sourceTree = BUILT_PRODUCTS_DIR; };
		3CF78BA81EA07F3F002FF613 /* AppDelegate.swift */ = {isa = PBXFileReference; lastKnownFileType = sourcecode.swift; path = AppDelegate.swift; sourceTree = "<group>"; };
		3CF78BAA1EA07F3F002FF613 /* ViewController.swift */ = {isa = PBXFileReference; lastKnownFileType = sourcecode.swift; path = ViewController.swift; sourceTree = "<group>"; };
		3CF78BAD1EA07F3F002FF613 /* Base */ = {isa = PBXFileReference; lastKnownFileType = file.storyboard; name = Base; path = Base.lproj/Main.storyboard; sourceTree = "<group>"; };
		3CF78BAF1EA07F3F002FF613 /* Assets.xcassets */ = {isa = PBXFileReference; lastKnownFileType = folder.assetcatalog; path = Assets.xcassets; sourceTree = "<group>"; };
		3CF78BB21EA07F3F002FF613 /* Base */ = {isa = PBXFileReference; lastKnownFileType = file.storyboard; name = Base; path = Base.lproj/LaunchScreen.storyboard; sourceTree = "<group>"; };
		3CF78BB41EA07F3F002FF613 /* Info.plist */ = {isa = PBXFileReference; lastKnownFileType = text.plist.xml; path = Info.plist; sourceTree = "<group>"; };
		3CF78BB91EA07F3F002FF613 /* SingleSugarTests.xctest */ = {isa = PBXFileReference; explicitFileType = wrapper.cfbundle; includeInIndex = 0; path = SingleSugarTests.xctest; sourceTree = BUILT_PRODUCTS_DIR; };
		3CF78BBD1EA07F3F002FF613 /* SingleSugarTests.swift */ = {isa = PBXFileReference; lastKnownFileType = sourcecode.swift; path = SingleSugarTests.swift; sourceTree = "<group>"; };
		3CF78BBF1EA07F3F002FF613 /* Info.plist */ = {isa = PBXFileReference; lastKnownFileType = text.plist.xml; path = Info.plist; sourceTree = "<group>"; };
		3CF78BC41EA07F3F002FF613 /* SingleSugarUITests.xctest */ = {isa = PBXFileReference; explicitFileType = wrapper.cfbundle; includeInIndex = 0; path = SingleSugarUITests.xctest; sourceTree = BUILT_PRODUCTS_DIR; };
		3CF78BC81EA07F3F002FF613 /* SingleSugarUITests.swift */ = {isa = PBXFileReference; lastKnownFileType = sourcecode.swift; path = SingleSugarUITests.swift; sourceTree = "<group>"; };
		3CF78BCA1EA07F3F002FF613 /* Info.plist */ = {isa = PBXFileReference; lastKnownFileType = text.plist.xml; path = Info.plist; sourceTree = "<group>"; };
		3CF78BEE1EA09D3D002FF613 /* Images.xcassets */ = {isa = PBXFileReference; lastKnownFileType = folder.assetcatalog; path = Images.xcassets; sourceTree = "<group>"; };
		3CF78BF21EA0A0B7002FF613 /* YFConst.swift */ = {isa = PBXFileReference; fileEncoding = 4; lastKnownFileType = sourcecode.swift; path = YFConst.swift; sourceTree = "<group>"; };
		3CF78BF41EA0A0DD002FF613 /* YFNavigationController.swift */ = {isa = PBXFileReference; fileEncoding = 4; lastKnownFileType = sourcecode.swift; path = YFNavigationController.swift; sourceTree = "<group>"; };
		3CF78BF61EA0A0EC002FF613 /* YFTabBarController.swift */ = {isa = PBXFileReference; fileEncoding = 4; lastKnownFileType = sourcecode.swift; path = YFTabBarController.swift; sourceTree = "<group>"; };
		3CF78BF81EA0A7D4002FF613 /* YFMonosacchrideViewController.swift */ = {isa = PBXFileReference; fileEncoding = 4; lastKnownFileType = sourcecode.swift; path = YFMonosacchrideViewController.swift; sourceTree = "<group>"; };
		3CF78BFA1EA0A7E5002FF613 /* YFSingleProductViewController.swift */ = {isa = PBXFileReference; fileEncoding = 4; lastKnownFileType = sourcecode.swift; path = YFSingleProductViewController.swift; sourceTree = "<group>"; };
		3CF78BFC1EA0A7F9002FF613 /* YFClassificationViewController.swift */ = {isa = PBXFileReference; fileEncoding = 4; lastKnownFileType = sourcecode.swift; path = YFClassificationViewController.swift; sourceTree = "<group>"; };
		3CF78BFE1EA0A804002FF613 /* YFProfileViewController.swift */ = {isa = PBXFileReference; fileEncoding = 4; lastKnownFileType = sourcecode.swift; path = YFProfileViewController.swift; sourceTree = "<group>"; };
		3CF78C001EA0B950002FF613 /* YFHTTPRequestTool.swift */ = {isa = PBXFileReference; fileEncoding = 4; lastKnownFileType = sourcecode.swift; path = YFHTTPRequestTool.swift; sourceTree = "<group>"; };
		3CF78C081EA45E79002FF613 /* YFMonosacchrideItem.swift */ = {isa = PBXFileReference; fileEncoding = 4; lastKnownFileType = sourcecode.swift; path = YFMonosacchrideItem.swift; sourceTree = "<group>"; };
		3CF78C0B1EA48C65002FF613 /* Size.swift */ = {isa = PBXFileReference; fileEncoding = 4; lastKnownFileType = sourcecode.swift; path = Size.swift; sourceTree = "<group>"; };
		4546ABA970EC808B997D5BAB /* Pods-SingleSugarUITests.release.xcconfig */ = {isa = PBXFileReference; includeInIndex = 1; lastKnownFileType = text.xcconfig; name = "Pods-SingleSugarUITests.release.xcconfig"; path = "Pods/Target Support Files/Pods-SingleSugarUITests/Pods-SingleSugarUITests.release.xcconfig"; sourceTree = "<group>"; };
		517E4B9B1AAC27CEA4EC7E47 /* Pods_SingleSugarUITests.framework */ = {isa = PBXFileReference; explicitFileType = wrapper.framework; includeInIndex = 0; path = Pods_SingleSugarUITests.framework; sourceTree = BUILT_PRODUCTS_DIR; };
		60209E49F62F2C6E054B8AF0 /* Pods-SingleSugar.debug.xcconfig */ = {isa = PBXFileReference; includeInIndex = 1; lastKnownFileType = text.xcconfig; name = "Pods-SingleSugar.debug.xcconfig"; path = "Pods/Target Support Files/Pods-SingleSugar/Pods-SingleSugar.debug.xcconfig"; sourceTree = "<group>"; };
		C7178A9F6B14E172A7F06282 /* Pods-SingleSugarTests.debug.xcconfig */ = {isa = PBXFileReference; includeInIndex = 1; lastKnownFileType = text.xcconfig; name = "Pods-SingleSugarTests.debug.xcconfig"; path = "Pods/Target Support Files/Pods-SingleSugarTests/Pods-SingleSugarTests.debug.xcconfig"; sourceTree = "<group>"; };
		DC9AF2B5AAA77BCC433EDCF4 /* Pods-SingleSugarUITests.debug.xcconfig */ = {isa = PBXFileReference; includeInIndex = 1; lastKnownFileType = text.xcconfig; name = "Pods-SingleSugarUITests.debug.xcconfig"; path = "Pods/Target Support Files/Pods-SingleSugarUITests/Pods-SingleSugarUITests.debug.xcconfig"; sourceTree = "<group>"; };
/* End PBXFileReference section */

/* Begin PBXFrameworksBuildPhase section */
		3CF78BA21EA07F3F002FF613 /* Frameworks */ = {
			isa = PBXFrameworksBuildPhase;
			buildActionMask = 2147483647;
			files = (
				22F47A72FF89B952C77F56A9 /* Pods_SingleSugar.framework in Frameworks */,
			);
			runOnlyForDeploymentPostprocessing = 0;
		};
		3CF78BB61EA07F3F002FF613 /* Frameworks */ = {
			isa = PBXFrameworksBuildPhase;
			buildActionMask = 2147483647;
			files = (
				6A721D93ABDCC81776EC21E5 /* Pods_SingleSugarTests.framework in Frameworks */,
			);
			runOnlyForDeploymentPostprocessing = 0;
		};
		3CF78BC11EA07F3F002FF613 /* Frameworks */ = {
			isa = PBXFrameworksBuildPhase;
			buildActionMask = 2147483647;
			files = (
				A22AFFFD75C0D7E095EDD89E /* Pods_SingleSugarUITests.framework in Frameworks */,
			);
			runOnlyForDeploymentPostprocessing = 0;
		};
/* End PBXFrameworksBuildPhase section */

/* Begin PBXGroup section */
		304FC1696BFB3B8F75A9D153 /* Frameworks */ = {
			isa = PBXGroup;
			children = (
				146CA31084C1CB613DDD6BA5 /* Pods_SingleSugar.framework */,
				03774DBA1838DD9015F46172 /* Pods_SingleSugarTests.framework */,
				517E4B9B1AAC27CEA4EC7E47 /* Pods_SingleSugarUITests.framework */,
			);
			name = Frameworks;
			sourceTree = "<group>";
		};
		3CF78B9C1EA07F3F002FF613 = {
			isa = PBXGroup;
			children = (
				3CF78BA71EA07F3F002FF613 /* SingleSugar */,
				3CF78BBC1EA07F3F002FF613 /* SingleSugarTests */,
				3CF78BC71EA07F3F002FF613 /* SingleSugarUITests */,
				3CF78BA61EA07F3F002FF613 /* Products */,
				6A37C786E9F2B5D7F283C351 /* Pods */,
				304FC1696BFB3B8F75A9D153 /* Frameworks */,
			);
			sourceTree = "<group>";
		};
		3CF78BA61EA07F3F002FF613 /* Products */ = {
			isa = PBXGroup;
			children = (
				3CF78BA51EA07F3F002FF613 /* SingleSugar.app */,
				3CF78BB91EA07F3F002FF613 /* SingleSugarTests.xctest */,
				3CF78BC41EA07F3F002FF613 /* SingleSugarUITests.xctest */,
			);
			name = Products;
			sourceTree = "<group>";
		};
		3CF78BA71EA07F3F002FF613 /* SingleSugar */ = {
			isa = PBXGroup;
			children = (
				3CF78BD61EA091BB002FF613 /* Classes */,
				3CF78BA81EA07F3F002FF613 /* AppDelegate.swift */,
				3CF78BAA1EA07F3F002FF613 /* ViewController.swift */,
				3CF78BAC1EA07F3F002FF613 /* Main.storyboard */,
				3CF78BAF1EA07F3F002FF613 /* Assets.xcassets */,
				3CF78BB11EA07F3F002FF613 /* LaunchScreen.storyboard */,
				3CF78BB41EA07F3F002FF613 /* Info.plist */,
				3CF78BEE1EA09D3D002FF613 /* Images.xcassets */,
			);
			path = SingleSugar;
			sourceTree = "<group>";
		};
		3CF78BBC1EA07F3F002FF613 /* SingleSugarTests */ = {
			isa = PBXGroup;
			children = (
				3CF78BBD1EA07F3F002FF613 /* SingleSugarTests.swift */,
				3CF78BBF1EA07F3F002FF613 /* Info.plist */,
			);
			path = SingleSugarTests;
			sourceTree = "<group>";
		};
		3CF78BC71EA07F3F002FF613 /* SingleSugarUITests */ = {
			isa = PBXGroup;
			children = (
				3CF78BC81EA07F3F002FF613 /* SingleSugarUITests.swift */,
				3CF78BCA1EA07F3F002FF613 /* Info.plist */,
			);
			path = SingleSugarUITests;
			sourceTree = "<group>";
		};
		3CF78BD61EA091BB002FF613 /* Classes */ = {
			isa = PBXGroup;
			children = (
				3CF78BDB1EA091BB002FF613 /* Mian(主要) */,
				3CF78BDC1EA091BB002FF613 /* Monosaccharide(单糖) */,
				3CF78BE81EA091BB002FF613 /* SingleProduct(单品) */,
				3CF78BD71EA091BB002FF613 /* Classification(分类) */,
				3CF78BE41EA091BB002FF613 /* Profile(我的) */,
				3CF78BE01EA091BB002FF613 /* Other(其他) */,
				3CF78BF11EA09FEC002FF613 /* Tool(工具) */,
			);
			path = Classes;
			sourceTree = "<group>";
		};
		3CF78BD71EA091BB002FF613 /* Classification(分类) */ = {
			isa = PBXGroup;
			children = (
				3CF78BD81EA091BB002FF613 /* Controller */,
				3CF78BD91EA091BB002FF613 /* Model */,
				3CF78BDA1EA091BB002FF613 /* View */,
			);
			path = "Classification(分类)";
			sourceTree = "<group>";
		};
		3CF78BD81EA091BB002FF613 /* Controller */ = {
			isa = PBXGroup;
			children = (
				3CF78BFC1EA0A7F9002FF613 /* YFClassificationViewController.swift */,
			);
			path = Controller;
			sourceTree = "<group>";
		};
		3CF78BD91EA091BB002FF613 /* Model */ = {
			isa = PBXGroup;
			children = (
				3C552A241EB1BE6D00737C19 /* YFClassifyItem.swift */,
			);
			path = Model;
			sourceTree = "<group>";
		};
		3CF78BDA1EA091BB002FF613 /* View */ = {
			isa = PBXGroup;
			children = (
			);
			path = View;
			sourceTree = "<group>";
		};
		3CF78BDB1EA091BB002FF613 /* Mian(主要) */ = {
			isa = PBXGroup;
			children = (
				3CF78BF41EA0A0DD002FF613 /* YFNavigationController.swift */,
				3CF78BF61EA0A0EC002FF613 /* YFTabBarController.swift */,
			);
			path = "Mian(主要)";
			sourceTree = "<group>";
		};
		3CF78BDC1EA091BB002FF613 /* Monosaccharide(单糖) */ = {
			isa = PBXGroup;
			children = (
				3CF78BDD1EA091BB002FF613 /* Controller */,
				3CF78BDE1EA091BB002FF613 /* Model */,
				3CF78BDF1EA091BB002FF613 /* View */,
			);
			path = "Monosaccharide(单糖)";
			sourceTree = "<group>";
		};
		3CF78BDD1EA091BB002FF613 /* Controller */ = {
			isa = PBXGroup;
			children = (
				3CF78BF81EA0A7D4002FF613 /* YFMonosacchrideViewController.swift */,
				3C011C731EA5A1DE00313164 /* YFCategoryViewController.swift */,
				3C298F261EA741B4008D4A07 /* YFSearchViewController.swift */,
				3C298F2C1EA888D4008D4A07 /* YFMonoDetailViewController.swift */,
			);
			path = Controller;
			sourceTree = "<group>";
		};
		3CF78BDE1EA091BB002FF613 /* Model */ = {
			isa = PBXGroup;
			children = (
				3CF78C081EA45E79002FF613 /* YFMonosacchrideItem.swift */,
				3C011C6D1EA4A2A400313164 /* YFMonoTitleItem.swift */,
			);
			path = Model;
			sourceTree = "<group>";
		};
		3CF78BDF1EA091BB002FF613 /* View */ = {
			isa = PBXGroup;
			children = (
				3C011C6B1EA48D1D00313164 /* YFMonoTitleView.swift */,
				3C011C6F1EA4AEBD00313164 /* YFMonoTableViewCell.swift */,
				3C011C701EA4AEBD00313164 /* YFMonoTableViewCell.xib */,
				3C5642611EAD8FDB0072D1AC /* YFToolButton.swift */,
			);
			path = View;
			sourceTree = "<group>";
		};
		3CF78BE01EA091BB002FF613 /* Other(其他) */ = {
			isa = PBXGroup;
			children = (
				3CF78C0A1EA48C65002FF613 /* Category */,
			);
			path = "Other(其他)";
			sourceTree = "<group>";
		};
		3CF78BE41EA091BB002FF613 /* Profile(我的) */ = {
			isa = PBXGroup;
			children = (
				3CF78BE51EA091BB002FF613 /* Controller */,
				3CF78BE61EA091BB002FF613 /* Model */,
				3CF78BE71EA091BB002FF613 /* View */,
			);
			path = "Profile(我的)";
			sourceTree = "<group>";
		};
		3CF78BE51EA091BB002FF613 /* Controller */ = {
			isa = PBXGroup;
			children = (
				3CF78BFE1EA0A804002FF613 /* YFProfileViewController.swift */,
			);
			path = Controller;
			sourceTree = "<group>";
		};
		3CF78BE61EA091BB002FF613 /* Model */ = {
			isa = PBXGroup;
			children = (
			);
			path = Model;
			sourceTree = "<group>";
		};
		3CF78BE71EA091BB002FF613 /* View */ = {
			isa = PBXGroup;
			children = (
			);
			path = View;
			sourceTree = "<group>";
		};
		3CF78BE81EA091BB002FF613 /* SingleProduct(单品) */ = {
			isa = PBXGroup;
			children = (
				3CF78BE91EA091BB002FF613 /* Controller */,
				3CF78BEA1EA091BB002FF613 /* Model */,
				3CF78BEB1EA091BB002FF613 /* View */,
			);
			path = "SingleProduct(单品)";
			sourceTree = "<group>";
		};
		3CF78BE91EA091BB002FF613 /* Controller */ = {
			isa = PBXGroup;
			children = (
				3CF78BFA1EA0A7E5002FF613 /* YFSingleProductViewController.swift */,
				3C5642691EAEE2C40072D1AC /* YFSinglePDetailViewController.swift */,
			);
			path = Controller;
			sourceTree = "<group>";
		};
		3CF78BEA1EA091BB002FF613 /* Model */ = {
			isa = PBXGroup;
			children = (
				3C5642671EADA1650072D1AC /* YFSinglePItem.swift */,
				3C56426B1EAEF19E0072D1AC /* YFSingleProductDetailItem.swift */,
				3C61591E1EB074F500930C75 /* YFCommentItem.swift */,
			);
			path = Model;
			sourceTree = "<group>";
		};
		3CF78BEB1EA091BB002FF613 /* View */ = {
			isa = PBXGroup;
			children = (
				3C5642631EAD9E7E0072D1AC /* YFSingleProductCell.swift */,
				3C5642641EAD9E7E0072D1AC /* YFSingleProductCell.xib */,
				3C56426D1EAF12BB0072D1AC /* YFImageScroll.swift */,
				3C5642701EAF390B0072D1AC /* YFSPHeaderView.swift */,
				3C5642721EAF3A7D0072D1AC /* YFSPCell.swift */,
				3C5642731EAF3A7D0072D1AC /* YFSPCell.xib */,
				3C61591A1EB0715C00930C75 /* YFCommentCell.swift */,
				3C61591B1EB0715C00930C75 /* YFCommentCell.xib */,
				3C6159201EB07EB300930C75 /* YFDetailCommentCell.swift */,
				3C6159211EB07EB300930C75 /* YFDetailCommentCell.xib */,
			);
			path = View;
			sourceTree = "<group>";
		};
		3CF78BF11EA09FEC002FF613 /* Tool(工具) */ = {
			isa = PBXGroup;
			children = (
				3CF78BF21EA0A0B7002FF613 /* YFConst.swift */,
				3CF78C001EA0B950002FF613 /* YFHTTPRequestTool.swift */,
			);
			path = "Tool(工具)";
			sourceTree = "<group>";
		};
		3CF78C0A1EA48C65002FF613 /* Category */ = {
			isa = PBXGroup;
			children = (
				3CF78C0B1EA48C65002FF613 /* Size.swift */,
			);
			path = Category;
			sourceTree = "<group>";
		};
		6A37C786E9F2B5D7F283C351 /* Pods */ = {
			isa = PBXGroup;
			children = (
				60209E49F62F2C6E054B8AF0 /* Pods-SingleSugar.debug.xcconfig */,
				3934E7FB7767CA0156646BD6 /* Pods-SingleSugar.release.xcconfig */,
				C7178A9F6B14E172A7F06282 /* Pods-SingleSugarTests.debug.xcconfig */,
				2013178718D74C9B7F5E30AA /* Pods-SingleSugarTests.release.xcconfig */,
				DC9AF2B5AAA77BCC433EDCF4 /* Pods-SingleSugarUITests.debug.xcconfig */,
				4546ABA970EC808B997D5BAB /* Pods-SingleSugarUITests.release.xcconfig */,
			);
			name = Pods;
			sourceTree = "<group>";
		};
/* End PBXGroup section */

/* Begin PBXNativeTarget section */
		3CF78BA41EA07F3F002FF613 /* SingleSugar */ = {
			isa = PBXNativeTarget;
			buildConfigurationList = 3CF78BCD1EA07F3F002FF613 /* Build configuration list for PBXNativeTarget "SingleSugar" */;
			buildPhases = (
				9470F747256C15C7C4E51B2F /* [CP] Check Pods Manifest.lock */,
				3CF78BA11EA07F3F002FF613 /* Sources */,
				3CF78BA21EA07F3F002FF613 /* Frameworks */,
				3CF78BA31EA07F3F002FF613 /* Resources */,
				3A07EEF00890D6E7F440CA85 /* [CP] Embed Pods Frameworks */,
				365E3C6383AD9D87F238B6FE /* [CP] Copy Pods Resources */,
			);
			buildRules = (
			);
			dependencies = (
			);
			name = SingleSugar;
			productName = SingleSugar;
			productReference = 3CF78BA51EA07F3F002FF613 /* SingleSugar.app */;
			productType = "com.apple.product-type.application";
		};
		3CF78BB81EA07F3F002FF613 /* SingleSugarTests */ = {
			isa = PBXNativeTarget;
			buildConfigurationList = 3CF78BD01EA07F3F002FF613 /* Build configuration list for PBXNativeTarget "SingleSugarTests" */;
			buildPhases = (
				5A29B24FC2BCCD42E76CEDDE /* [CP] Check Pods Manifest.lock */,
				3CF78BB51EA07F3F002FF613 /* Sources */,
				3CF78BB61EA07F3F002FF613 /* Frameworks */,
				3CF78BB71EA07F3F002FF613 /* Resources */,
				297E0FF988A4670077D77E41 /* [CP] Embed Pods Frameworks */,
				BF388C92E4CE65D62278F92B /* [CP] Copy Pods Resources */,
			);
			buildRules = (
			);
			dependencies = (
				3CF78BBB1EA07F3F002FF613 /* PBXTargetDependency */,
			);
			name = SingleSugarTests;
			productName = SingleSugarTests;
			productReference = 3CF78BB91EA07F3F002FF613 /* SingleSugarTests.xctest */;
			productType = "com.apple.product-type.bundle.unit-test";
		};
		3CF78BC31EA07F3F002FF613 /* SingleSugarUITests */ = {
			isa = PBXNativeTarget;
			buildConfigurationList = 3CF78BD31EA07F3F002FF613 /* Build configuration list for PBXNativeTarget "SingleSugarUITests" */;
			buildPhases = (
				FD9E3BCBD15E893616865040 /* [CP] Check Pods Manifest.lock */,
				3CF78BC01EA07F3F002FF613 /* Sources */,
				3CF78BC11EA07F3F002FF613 /* Frameworks */,
				3CF78BC21EA07F3F002FF613 /* Resources */,
				86D51AA03C8F754FE3E0B6B2 /* [CP] Embed Pods Frameworks */,
				1C36AEAD6780226075B907AF /* [CP] Copy Pods Resources */,
			);
			buildRules = (
			);
			dependencies = (
				3CF78BC61EA07F3F002FF613 /* PBXTargetDependency */,
			);
			name = SingleSugarUITests;
			productName = SingleSugarUITests;
			productReference = 3CF78BC41EA07F3F002FF613 /* SingleSugarUITests.xctest */;
			productType = "com.apple.product-type.bundle.ui-testing";
		};
/* End PBXNativeTarget section */

/* Begin PBXProject section */
		3CF78B9D1EA07F3F002FF613 /* Project object */ = {
			isa = PBXProject;
			attributes = {
				CLASSPREFIX = YF;
				LastSwiftUpdateCheck = 0830;
				LastUpgradeCheck = 0830;
				ORGANIZATIONNAME = YangFan;
				TargetAttributes = {
					3CF78BA41EA07F3F002FF613 = {
						CreatedOnToolsVersion = 8.3.1;
						DevelopmentTeam = FN5RQSTW98;
						ProvisioningStyle = Automatic;
					};
					3CF78BB81EA07F3F002FF613 = {
						CreatedOnToolsVersion = 8.3.1;
						ProvisioningStyle = Automatic;
						TestTargetID = 3CF78BA41EA07F3F002FF613;
					};
					3CF78BC31EA07F3F002FF613 = {
						CreatedOnToolsVersion = 8.3.1;
						ProvisioningStyle = Automatic;
						TestTargetID = 3CF78BA41EA07F3F002FF613;
					};
				};
			};
			buildConfigurationList = 3CF78BA01EA07F3F002FF613 /* Build configuration list for PBXProject "SingleSugar" */;
			compatibilityVersion = "Xcode 3.2";
			developmentRegion = English;
			hasScannedForEncodings = 0;
			knownRegions = (
				en,
				Base,
			);
			mainGroup = 3CF78B9C1EA07F3F002FF613;
			productRefGroup = 3CF78BA61EA07F3F002FF613 /* Products */;
			projectDirPath = "";
			projectRoot = "";
			targets = (
				3CF78BA41EA07F3F002FF613 /* SingleSugar */,
				3CF78BB81EA07F3F002FF613 /* SingleSugarTests */,
				3CF78BC31EA07F3F002FF613 /* SingleSugarUITests */,
			);
		};
/* End PBXProject section */

/* Begin PBXResourcesBuildPhase section */
		3CF78BA31EA07F3F002FF613 /* Resources */ = {
			isa = PBXResourcesBuildPhase;
			buildActionMask = 2147483647;
			files = (
				3C5642661EAD9E7E0072D1AC /* YFSingleProductCell.xib in Resources */,
				3C011C721EA4AEBD00313164 /* YFMonoTableViewCell.xib in Resources */,
				3CF78BB31EA07F3F002FF613 /* LaunchScreen.storyboard in Resources */,
				3CF78BEF1EA09D3D002FF613 /* Images.xcassets in Resources */,
				3C6159231EB07EB300930C75 /* YFDetailCommentCell.xib in Resources */,
				3C61591D1EB0715C00930C75 /* YFCommentCell.xib in Resources */,
				3CF78BB01EA07F3F002FF613 /* Assets.xcassets in Resources */,
				3CF78BAE1EA07F3F002FF613 /* Main.storyboard in Resources */,
				3C5642751EAF3A7D0072D1AC /* YFSPCell.xib in Resources */,
			);
			runOnlyForDeploymentPostprocessing = 0;
		};
		3CF78BB71EA07F3F002FF613 /* Resources */ = {
			isa = PBXResourcesBuildPhase;
			buildActionMask = 2147483647;
			files = (
			);
			runOnlyForDeploymentPostprocessing = 0;
		};
		3CF78BC21EA07F3F002FF613 /* Resources */ = {
			isa = PBXResourcesBuildPhase;
			buildActionMask = 2147483647;
			files = (
			);
			runOnlyForDeploymentPostprocessing = 0;
		};
/* End PBXResourcesBuildPhase section */

/* Begin PBXShellScriptBuildPhase section */
		1C36AEAD6780226075B907AF /* [CP] Copy Pods Resources */ = {
			isa = PBXShellScriptBuildPhase;
			buildActionMask = 2147483647;
			files = (
			);
			inputPaths = (
			);
			name = "[CP] Copy Pods Resources";
			outputPaths = (
			);
			runOnlyForDeploymentPostprocessing = 0;
			shellPath = /bin/sh;
			shellScript = "\"${SRCROOT}/Pods/Target Support Files/Pods-SingleSugarUITests/Pods-SingleSugarUITests-resources.sh\"\n";
			showEnvVarsInLog = 0;
		};
		297E0FF988A4670077D77E41 /* [CP] Embed Pods Frameworks */ = {
			isa = PBXShellScriptBuildPhase;
			buildActionMask = 2147483647;
			files = (
			);
			inputPaths = (
			);
			name = "[CP] Embed Pods Frameworks";
			outputPaths = (
			);
			runOnlyForDeploymentPostprocessing = 0;
			shellPath = /bin/sh;
			shellScript = "\"${SRCROOT}/Pods/Target Support Files/Pods-SingleSugarTests/Pods-SingleSugarTests-frameworks.sh\"\n";
			showEnvVarsInLog = 0;
		};
		365E3C6383AD9D87F238B6FE /* [CP] Copy Pods Resources */ = {
			isa = PBXShellScriptBuildPhase;
			buildActionMask = 2147483647;
			files = (
			);
			inputPaths = (
			);
			name = "[CP] Copy Pods Resources";
			outputPaths = (
			);
			runOnlyForDeploymentPostprocessing = 0;
			shellPath = /bin/sh;
			shellScript = "\"${SRCROOT}/Pods/Target Support Files/Pods-SingleSugar/Pods-SingleSugar-resources.sh\"\n";
			showEnvVarsInLog = 0;
		};
		3A07EEF00890D6E7F440CA85 /* [CP] Embed Pods Frameworks */ = {
			isa = PBXShellScriptBuildPhase;
			buildActionMask = 2147483647;
			files = (
			);
			inputPaths = (
			);
			name = "[CP] Embed Pods Frameworks";
			outputPaths = (
			);
			runOnlyForDeploymentPostprocessing = 0;
			shellPath = /bin/sh;
			shellScript = "\"${SRCROOT}/Pods/Target Support Files/Pods-SingleSugar/Pods-SingleSugar-frameworks.sh\"\n";
			showEnvVarsInLog = 0;
		};
		5A29B24FC2BCCD42E76CEDDE /* [CP] Check Pods Manifest.lock */ = {
			isa = PBXShellScriptBuildPhase;
			buildActionMask = 2147483647;
			files = (
			);
			inputPaths = (
			);
			name = "[CP] Check Pods Manifest.lock";
			outputPaths = (
			);
			runOnlyForDeploymentPostprocessing = 0;
			shellPath = /bin/sh;
			shellScript = "diff \"${PODS_ROOT}/../Podfile.lock\" \"${PODS_ROOT}/Manifest.lock\" > /dev/null\nif [ $? != 0 ] ; then\n    # print error to STDERR\n    echo \"error: The sandbox is not in sync with the Podfile.lock. Run 'pod install' or update your CocoaPods installation.\" >&2\n    exit 1\nfi\n";
			showEnvVarsInLog = 0;
		};
		86D51AA03C8F754FE3E0B6B2 /* [CP] Embed Pods Frameworks */ = {
			isa = PBXShellScriptBuildPhase;
			buildActionMask = 2147483647;
			files = (
			);
			inputPaths = (
			);
			name = "[CP] Embed Pods Frameworks";
			outputPaths = (
			);
			runOnlyForDeploymentPostprocessing = 0;
			shellPath = /bin/sh;
			shellScript = "\"${SRCROOT}/Pods/Target Support Files/Pods-SingleSugarUITests/Pods-SingleSugarUITests-frameworks.sh\"\n";
			showEnvVarsInLog = 0;
		};
		9470F747256C15C7C4E51B2F /* [CP] Check Pods Manifest.lock */ = {
			isa = PBXShellScriptBuildPhase;
			buildActionMask = 2147483647;
			files = (
			);
			inputPaths = (
			);
			name = "[CP] Check Pods Manifest.lock";
			outputPaths = (
			);
			runOnlyForDeploymentPostprocessing = 0;
			shellPath = /bin/sh;
			shellScript = "diff \"${PODS_ROOT}/../Podfile.lock\" \"${PODS_ROOT}/Manifest.lock\" > /dev/null\nif [ $? != 0 ] ; then\n    # print error to STDERR\n    echo \"error: The sandbox is not in sync with the Podfile.lock. Run 'pod install' or update your CocoaPods installation.\" >&2\n    exit 1\nfi\n";
			showEnvVarsInLog = 0;
		};
		BF388C92E4CE65D62278F92B /* [CP] Copy Pods Resources */ = {
			isa = PBXShellScriptBuildPhase;
			buildActionMask = 2147483647;
			files = (
			);
			inputPaths = (
			);
			name = "[CP] Copy Pods Resources";
			outputPaths = (
			);
			runOnlyForDeploymentPostprocessing = 0;
			shellPath = /bin/sh;
			shellScript = "\"${SRCROOT}/Pods/Target Support Files/Pods-SingleSugarTests/Pods-SingleSugarTests-resources.sh\"\n";
			showEnvVarsInLog = 0;
		};
		FD9E3BCBD15E893616865040 /* [CP] Check Pods Manifest.lock */ = {
			isa = PBXShellScriptBuildPhase;
			buildActionMask = 2147483647;
			files = (
			);
			inputPaths = (
			);
			name = "[CP] Check Pods Manifest.lock";
			outputPaths = (
			);
			runOnlyForDeploymentPostprocessing = 0;
			shellPath = /bin/sh;
			shellScript = "diff \"${PODS_ROOT}/../Podfile.lock\" \"${PODS_ROOT}/Manifest.lock\" > /dev/null\nif [ $? != 0 ] ; then\n    # print error to STDERR\n    echo \"error: The sandbox is not in sync with the Podfile.lock. Run 'pod install' or update your CocoaPods installation.\" >&2\n    exit 1\nfi\n";
			showEnvVarsInLog = 0;
		};
/* End PBXShellScriptBuildPhase section */

/* Begin PBXSourcesBuildPhase section */
		3CF78BA11EA07F3F002FF613 /* Sources */ = {
			isa = PBXSourcesBuildPhase;
			buildActionMask = 2147483647;
			files = (
				3C56426C1EAEF19E0072D1AC /* YFSingleProductDetailItem.swift in Sources */,
				3C011C6C1EA48D1D00313164 /* YFMonoTitleView.swift in Sources */,
				3C5642621EAD8FDB0072D1AC /* YFToolButton.swift in Sources */,
				3C61591F1EB074F500930C75 /* YFCommentItem.swift in Sources */,
				3C5642681EADA1650072D1AC /* YFSinglePItem.swift in Sources */,
				3C298F271EA741B4008D4A07 /* YFSearchViewController.swift in Sources */,
				3C298F2D1EA888D4008D4A07 /* YFMonoDetailViewController.swift in Sources */,
				3CF78C091EA45E79002FF613 /* YFMonosacchrideItem.swift in Sources */,
				3C5642711EAF390B0072D1AC /* YFSPHeaderView.swift in Sources */,
				3C56426E1EAF12BB0072D1AC /* YFImageScroll.swift in Sources */,
				3CF78BFB1EA0A7E5002FF613 /* YFSingleProductViewController.swift in Sources */,
				3CF78BFD1EA0A7F9002FF613 /* YFClassificationViewController.swift in Sources */,
				3CF78BAB1EA07F3F002FF613 /* ViewController.swift in Sources */,
				3C552A251EB1BE6D00737C19 /* YFClassifyItem.swift in Sources */,
				3C56426A1EAEE2C40072D1AC /* YFSinglePDetailViewController.swift in Sources */,
				3C011C741EA5A1DE00313164 /* YFCategoryViewController.swift in Sources */,
				3CF78C0C1EA48C65002FF613 /* Size.swift in Sources */,
				3C5642651EAD9E7E0072D1AC /* YFSingleProductCell.swift in Sources */,
				3CF78BF91EA0A7D4002FF613 /* YFMonosacchrideViewController.swift in Sources */,
				3CF78C011EA0B950002FF613 /* YFHTTPRequestTool.swift in Sources */,
				3CF78BFF1EA0A804002FF613 /* YFProfileViewController.swift in Sources */,
				3C011C6E1EA4A2A400313164 /* YFMonoTitleItem.swift in Sources */,
				3CF78BA91EA07F3F002FF613 /* AppDelegate.swift in Sources */,
				3C011C711EA4AEBD00313164 /* YFMonoTableViewCell.swift in Sources */,
				3CF78BF71EA0A0EC002FF613 /* YFTabBarController.swift in Sources */,
				3C61591C1EB0715C00930C75 /* YFCommentCell.swift in Sources */,
				3CF78BF51EA0A0DD002FF613 /* YFNavigationController.swift in Sources */,
				3CF78BF31EA0A0B7002FF613 /* YFConst.swift in Sources */,
				3C6159221EB07EB300930C75 /* YFDetailCommentCell.swift in Sources */,
				3C5642741EAF3A7D0072D1AC /* YFSPCell.swift in Sources */,
			);
			runOnlyForDeploymentPostprocessing = 0;
		};
		3CF78BB51EA07F3F002FF613 /* Sources */ = {
			isa = PBXSourcesBuildPhase;
			buildActionMask = 2147483647;
			files = (
				3CF78BBE1EA07F3F002FF613 /* SingleSugarTests.swift in Sources */,
			);
			runOnlyForDeploymentPostprocessing = 0;
		};
		3CF78BC01EA07F3F002FF613 /* Sources */ = {
			isa = PBXSourcesBuildPhase;
			buildActionMask = 2147483647;
			files = (
				3CF78BC91EA07F3F002FF613 /* SingleSugarUITests.swift in Sources */,
			);
			runOnlyForDeploymentPostprocessing = 0;
		};
/* End PBXSourcesBuildPhase section */

/* Begin PBXTargetDependency section */
		3CF78BBB1EA07F3F002FF613 /* PBXTargetDependency */ = {
			isa = PBXTargetDependency;
			target = 3CF78BA41EA07F3F002FF613 /* SingleSugar */;
			targetProxy = 3CF78BBA1EA07F3F002FF613 /* PBXContainerItemProxy */;
		};
		3CF78BC61EA07F3F002FF613 /* PBXTargetDependency */ = {
			isa = PBXTargetDependency;
			target = 3CF78BA41EA07F3F002FF613 /* SingleSugar */;
			targetProxy = 3CF78BC51EA07F3F002FF613 /* PBXContainerItemProxy */;
		};
/* End PBXTargetDependency section */

/* Begin PBXVariantGroup section */
		3CF78BAC1EA07F3F002FF613 /* Main.storyboard */ = {
			isa = PBXVariantGroup;
			children = (
				3CF78BAD1EA07F3F002FF613 /* Base */,
			);
			name = Main.storyboard;
			sourceTree = "<group>";
		};
		3CF78BB11EA07F3F002FF613 /* LaunchScreen.storyboard */ = {
			isa = PBXVariantGroup;
			children = (
				3CF78BB21EA07F3F002FF613 /* Base */,
			);
			name = LaunchScreen.storyboard;
			sourceTree = "<group>";
		};
/* End PBXVariantGroup section */

/* Begin XCBuildConfiguration section */
		3CF78BCB1EA07F3F002FF613 /* Debug */ = {
			isa = XCBuildConfiguration;
			buildSettings = {
				ALWAYS_SEARCH_USER_PATHS = NO;
				CLANG_ANALYZER_NONNULL = YES;
				CLANG_ANALYZER_NUMBER_OBJECT_CONVERSION = YES_AGGRESSIVE;
				CLANG_CXX_LANGUAGE_STANDARD = "gnu++0x";
				CLANG_CXX_LIBRARY = "libc++";
				CLANG_ENABLE_MODULES = YES;
				CLANG_ENABLE_OBJC_ARC = YES;
				CLANG_WARN_BOOL_CONVERSION = YES;
				CLANG_WARN_CONSTANT_CONVERSION = YES;
				CLANG_WARN_DIRECT_OBJC_ISA_USAGE = YES_ERROR;
				CLANG_WARN_DOCUMENTATION_COMMENTS = YES;
				CLANG_WARN_EMPTY_BODY = YES;
				CLANG_WARN_ENUM_CONVERSION = YES;
				CLANG_WARN_INFINITE_RECURSION = YES;
				CLANG_WARN_INT_CONVERSION = YES;
				CLANG_WARN_OBJC_ROOT_CLASS = YES_ERROR;
				CLANG_WARN_SUSPICIOUS_MOVE = YES;
				CLANG_WARN_UNREACHABLE_CODE = YES;
				CLANG_WARN__DUPLICATE_METHOD_MATCH = YES;
				"CODE_SIGN_IDENTITY[sdk=iphoneos*]" = "iPhone Developer";
				COPY_PHASE_STRIP = NO;
				DEBUG_INFORMATION_FORMAT = dwarf;
				ENABLE_STRICT_OBJC_MSGSEND = YES;
				ENABLE_TESTABILITY = YES;
				GCC_C_LANGUAGE_STANDARD = gnu99;
				GCC_DYNAMIC_NO_PIC = NO;
				GCC_NO_COMMON_BLOCKS = YES;
				GCC_OPTIMIZATION_LEVEL = 0;
				GCC_PREPROCESSOR_DEFINITIONS = (
					"DEBUG=1",
					"$(inherited)",
				);
				GCC_WARN_64_TO_32_BIT_CONVERSION = YES;
				GCC_WARN_ABOUT_RETURN_TYPE = YES_ERROR;
				GCC_WARN_UNDECLARED_SELECTOR = YES;
				GCC_WARN_UNINITIALIZED_AUTOS = YES_AGGRESSIVE;
				GCC_WARN_UNUSED_FUNCTION = YES;
				GCC_WARN_UNUSED_VARIABLE = YES;
				IPHONEOS_DEPLOYMENT_TARGET = 10.3;
				MTL_ENABLE_DEBUG_INFO = YES;
				ONLY_ACTIVE_ARCH = YES;
				SDKROOT = iphoneos;
				SWIFT_ACTIVE_COMPILATION_CONDITIONS = DEBUG;
				SWIFT_OPTIMIZATION_LEVEL = "-Onone";
			};
			name = Debug;
		};
		3CF78BCC1EA07F3F002FF613 /* Release */ = {
			isa = XCBuildConfiguration;
			buildSettings = {
				ALWAYS_SEARCH_USER_PATHS = NO;
				CLANG_ANALYZER_NONNULL = YES;
				CLANG_ANALYZER_NUMBER_OBJECT_CONVERSION = YES_AGGRESSIVE;
				CLANG_CXX_LANGUAGE_STANDARD = "gnu++0x";
				CLANG_CXX_LIBRARY = "libc++";
				CLANG_ENABLE_MODULES = YES;
				CLANG_ENABLE_OBJC_ARC = YES;
				CLANG_WARN_BOOL_CONVERSION = YES;
				CLANG_WARN_CONSTANT_CONVERSION = YES;
				CLANG_WARN_DIRECT_OBJC_ISA_USAGE = YES_ERROR;
				CLANG_WARN_DOCUMENTATION_COMMENTS = YES;
				CLANG_WARN_EMPTY_BODY = YES;
				CLANG_WARN_ENUM_CONVERSION = YES;
				CLANG_WARN_INFINITE_RECURSION = YES;
				CLANG_WARN_INT_CONVERSION = YES;
				CLANG_WARN_OBJC_ROOT_CLASS = YES_ERROR;
				CLANG_WARN_SUSPICIOUS_MOVE = YES;
				CLANG_WARN_UNREACHABLE_CODE = YES;
				CLANG_WARN__DUPLICATE_METHOD_MATCH = YES;
				"CODE_SIGN_IDENTITY[sdk=iphoneos*]" = "iPhone Developer";
				COPY_PHASE_STRIP = NO;
				DEBUG_INFORMATION_FORMAT = "dwarf-with-dsym";
				ENABLE_NS_ASSERTIONS = NO;
				ENABLE_STRICT_OBJC_MSGSEND = YES;
				GCC_C_LANGUAGE_STANDARD = gnu99;
				GCC_NO_COMMON_BLOCKS = YES;
				GCC_WARN_64_TO_32_BIT_CONVERSION = YES;
				GCC_WARN_ABOUT_RETURN_TYPE = YES_ERROR;
				GCC_WARN_UNDECLARED_SELECTOR = YES;
				GCC_WARN_UNINITIALIZED_AUTOS = YES_AGGRESSIVE;
				GCC_WARN_UNUSED_FUNCTION = YES;
				GCC_WARN_UNUSED_VARIABLE = YES;
				IPHONEOS_DEPLOYMENT_TARGET = 10.3;
				MTL_ENABLE_DEBUG_INFO = NO;
				SDKROOT = iphoneos;
				SWIFT_OPTIMIZATION_LEVEL = "-Owholemodule";
				VALIDATE_PRODUCT = YES;
			};
			name = Release;
		};
		3CF78BCE1EA07F3F002FF613 /* Debug */ = {
			isa = XCBuildConfiguration;
			baseConfigurationReference = 60209E49F62F2C6E054B8AF0 /* Pods-SingleSugar.debug.xcconfig */;
			buildSettings = {
				ASSETCATALOG_COMPILER_APPICON_NAME = AppIcon;
				ASSETCATALOG_COMPILER_LAUNCHIMAGE_NAME = LaunchImage;
				DEVELOPMENT_TEAM = FN5RQSTW98;
				INFOPLIST_FILE = SingleSugar/Info.plist;
				IPHONEOS_DEPLOYMENT_TARGET = 9.0;
				LD_RUNPATH_SEARCH_PATHS = "$(inherited) @executable_path/Frameworks";
				PRODUCT_BUNDLE_IDENTIFIER = coderman.SingleSugar;
				PRODUCT_NAME = "$(TARGET_NAME)";
				SWIFT_VERSION = 3.0;
			};
			name = Debug;
		};
		3CF78BCF1EA07F3F002FF613 /* Release */ = {
			isa = XCBuildConfiguration;
			baseConfigurationReference = 3934E7FB7767CA0156646BD6 /* Pods-SingleSugar.release.xcconfig */;
			buildSettings = {
				ASSETCATALOG_COMPILER_APPICON_NAME = AppIcon;
				ASSETCATALOG_COMPILER_LAUNCHIMAGE_NAME = LaunchImage;
				DEVELOPMENT_TEAM = FN5RQSTW98;
				INFOPLIST_FILE = SingleSugar/Info.plist;
				IPHONEOS_DEPLOYMENT_TARGET = 9.0;
				LD_RUNPATH_SEARCH_PATHS = "$(inherited) @executable_path/Frameworks";
				PRODUCT_BUNDLE_IDENTIFIER = coderman.SingleSugar;
				PRODUCT_NAME = "$(TARGET_NAME)";
				SWIFT_VERSION = 3.0;
			};
			name = Release;
		};
		3CF78BD11EA07F3F002FF613 /* Debug */ = {
			isa = XCBuildConfiguration;
			baseConfigurationReference = C7178A9F6B14E172A7F06282 /* Pods-SingleSugarTests.debug.xcconfig */;
			buildSettings = {
				ALWAYS_EMBED_SWIFT_STANDARD_LIBRARIES = YES;
				BUNDLE_LOADER = "$(TEST_HOST)";
				INFOPLIST_FILE = SingleSugarTests/Info.plist;
				LD_RUNPATH_SEARCH_PATHS = "$(inherited) @executable_path/Frameworks @loader_path/Frameworks";
				PRODUCT_BUNDLE_IDENTIFIER = coderman.SingleSugarTests;
				PRODUCT_NAME = "$(TARGET_NAME)";
				SWIFT_VERSION = 3.0;
				TEST_HOST = "$(BUILT_PRODUCTS_DIR)/SingleSugar.app/SingleSugar";
			};
			name = Debug;
		};
		3CF78BD21EA07F3F002FF613 /* Release */ = {
			isa = XCBuildConfiguration;
			baseConfigurationReference = 2013178718D74C9B7F5E30AA /* Pods-SingleSugarTests.release.xcconfig */;
			buildSettings = {
				ALWAYS_EMBED_SWIFT_STANDARD_LIBRARIES = YES;
				BUNDLE_LOADER = "$(TEST_HOST)";
				INFOPLIST_FILE = SingleSugarTests/Info.plist;
				LD_RUNPATH_SEARCH_PATHS = "$(inherited) @executable_path/Frameworks @loader_path/Frameworks";
				PRODUCT_BUNDLE_IDENTIFIER = coderman.SingleSugarTests;
				PRODUCT_NAME = "$(TARGET_NAME)";
				SWIFT_VERSION = 3.0;
				TEST_HOST = "$(BUILT_PRODUCTS_DIR)/SingleSugar.app/SingleSugar";
			};
			name = Release;
		};
		3CF78BD41EA07F3F002FF613 /* Debug */ = {
			isa = XCBuildConfiguration;
			baseConfigurationReference = DC9AF2B5AAA77BCC433EDCF4 /* Pods-SingleSugarUITests.debug.xcconfig */;
			buildSettings = {
				ALWAYS_EMBED_SWIFT_STANDARD_LIBRARIES = YES;
				INFOPLIST_FILE = SingleSugarUITests/Info.plist;
				LD_RUNPATH_SEARCH_PATHS = "$(inherited) @executable_path/Frameworks @loader_path/Frameworks";
				PRODUCT_BUNDLE_IDENTIFIER = coderman.SingleSugarUITests;
				PRODUCT_NAME = "$(TARGET_NAME)";
				SWIFT_VERSION = 3.0;
				TEST_TARGET_NAME = SingleSugar;
			};
			name = Debug;
		};
		3CF78BD51EA07F3F002FF613 /* Release */ = {
			isa = XCBuildConfiguration;
			baseConfigurationReference = 4546ABA970EC808B997D5BAB /* Pods-SingleSugarUITests.release.xcconfig */;
			buildSettings = {
				ALWAYS_EMBED_SWIFT_STANDARD_LIBRARIES = YES;
				INFOPLIST_FILE = SingleSugarUITests/Info.plist;
				LD_RUNPATH_SEARCH_PATHS = "$(inherited) @executable_path/Frameworks @loader_path/Frameworks";
				PRODUCT_BUNDLE_IDENTIFIER = coderman.SingleSugarUITests;
				PRODUCT_NAME = "$(TARGET_NAME)";
				SWIFT_VERSION = 3.0;
				TEST_TARGET_NAME = SingleSugar;
			};
			name = Release;
		};
/* End XCBuildConfiguration section */

/* Begin XCConfigurationList section */
		3CF78BA01EA07F3F002FF613 /* Build configuration list for PBXProject "SingleSugar" */ = {
			isa = XCConfigurationList;
			buildConfigurations = (
				3CF78BCB1EA07F3F002FF613 /* Debug */,
				3CF78BCC1EA07F3F002FF613 /* Release */,
			);
			defaultConfigurationIsVisible = 0;
			defaultConfigurationName = Release;
		};
		3CF78BCD1EA07F3F002FF613 /* Build configuration list for PBXNativeTarget "SingleSugar" */ = {
			isa = XCConfigurationList;
			buildConfigurations = (
				3CF78BCE1EA07F3F002FF613 /* Debug */,
				3CF78BCF1EA07F3F002FF613 /* Release */,
			);
			defaultConfigurationIsVisible = 0;
			defaultConfigurationName = Release;
		};
		3CF78BD01EA07F3F002FF613 /* Build configuration list for PBXNativeTarget "SingleSugarTests" */ = {
			isa = XCConfigurationList;
			buildConfigurations = (
				3CF78BD11EA07F3F002FF613 /* Debug */,
				3CF78BD21EA07F3F002FF613 /* Release */,
			);
			defaultConfigurationIsVisible = 0;
			defaultConfigurationName = Release;
		};
		3CF78BD31EA07F3F002FF613 /* Build configuration list for PBXNativeTarget "SingleSugarUITests" */ = {
			isa = XCConfigurationList;
			buildConfigurations = (
				3CF78BD41EA07F3F002FF613 /* Debug */,
				3CF78BD51EA07F3F002FF613 /* Release */,
			);
			defaultConfigurationIsVisible = 0;
			defaultConfigurationName = Release;
		};
/* End XCConfigurationList section */
	};
	rootObject = 3CF78B9D1EA07F3F002FF613 /* Project object */;
}
